
Microsoft Visual Studio Solution File, Format Version 12.00
# Visual Studio 15
Project("{FAE04EC0-301F-11D3-BF4B-00C04F79EFBC}") = "InheritanceDemo.Android", "InheritanceDemo.Android\InheritanceDemo.Android.csproj", "{D8649C5A-EBB2-4623-9A42-6D768492428E}"
EndProject
Project("{FAE04EC0-301F-11D3-BF4B-00C04F79EFBC}") = "InheritanceDemo.iOS", "InheritanceDemo.iOS\InheritanceDemo.iOS.csproj", "{DF5CDE67-17ED-4A02-9E45-F5F9AD6276EE}"
EndProject
Project("{FAE04EC0-301F-11D3-BF4B-00C04F79EFBC}") = "InheritanceDemo", "InheritanceDemo\InheritanceDemo.csproj", "{EF811275-D86C-49C0-AE40-649476DDEC53}"
EndProject
Global
	GlobalSection(SolutionConfigurationPlatforms) = preSolution
		Debug|Any CPU = Debug|Any CPU
		Release|Any CPU = Release|Any CPU
		Debug|iPhoneSimulator = Debug|iPhoneSimulator
		Release|iPhoneSimulator = Release|iPhoneSimulator
		Debug|iPhone = Debug|iPhone
		Release|iPhone = Release|iPhone
	EndGlobalSection
	GlobalSection(ProjectConfigurationPlatforms) = postSolution
		{D8649C5A-EBB2-4623-9A42-6D768492428E}.Debug|Any CPU.ActiveCfg = Debug|Any CPU
		{D8649C5A-EBB2-4623-9A42-6D768492428E}.Debug|Any CPU.Build.0 = Debug|Any CPU
		{D8649C5A-EBB2-4623-9A42-6D768492428E}.Release|Any CPU.ActiveCfg = Release|Any CPU
		{D8649C5A-EBB2-4623-9A42-6D768492428E}.Release|Any CPU.Build.0 = Release|Any CPU
		{D8649C5A-EBB2-4623-9A42-6D768492428E}.Debug|iPhoneSimulator.ActiveCfg = Debug|Any CPU
		{D8649C5A-EBB2-4623-9A42-6D768492428E}.Debug|iPhoneSimulator.Build.0 = Debug|Any CPU
		{D8649C5A-EBB2-4623-9A42-6D768492428E}.Release|iPhoneSimulator.ActiveCfg = Release|Any CPU
		{D8649C5A-EBB2-4623-9A42-6D768492428E}.Release|iPhoneSimulator.Build.0 = Release|Any CPU
		{D8649C5A-EBB2-4623-9A42-6D768492428E}.Debug|iPhone.ActiveCfg = Debug|Any CPU
		{D8649C5A-EBB2-4623-9A42-6D768492428E}.Debug|iPhone.Build.0 = Debug|Any CPU
		{D8649C5A-EBB2-4623-9A42-6D768492428E}.Release|iPhone.ActiveCfg = Release|Any CPU
		{D8649C5A-EBB2-4623-9A42-6D768492428E}.Release|iPhone.Build.0 = Release|Any CPU
		{DF5CDE67-17ED-4A02-9E45-F5F9AD6276EE}.Debug|Any CPU.ActiveCfg = Debug|iPhoneSimulator
		{DF5CDE67-17ED-4A02-9E45-F5F9AD6276EE}.Debug|Any CPU.Build.0 = Debug|iPhoneSimulator
		{DF5CDE67-17ED-4A02-9E45-F5F9AD6276EE}.Release|Any CPU.ActiveCfg = Release|iPhoneSimulator
		{DF5CDE67-17ED-4A02-9E45-F5F9AD6276EE}.Release|Any CPU.Build.0 = Release|iPhoneSimulator
		{DF5CDE67-17ED-4A02-9E45-F5F9AD6276EE}.Debug|iPhoneSimulator.ActiveCfg = Debug|iPhoneSimulator
		{DF5CDE67-17ED-4A02-9E45-F5F9AD6276EE}.Debug|iPhoneSimulator.Build.0 = Debug|iPhoneSimulator
		{DF5CDE67-17ED-4A02-9E45-F5F9AD6276EE}.Release|iPhoneSimulator.ActiveCfg = Release|iPhoneSimulator
		{DF5CDE67-17ED-4A02-9E45-F5F9AD6276EE}.Release|iPhoneSimulator.Build.0 = Release|iPhoneSimulator
		{DF5CDE67-17ED-4A02-9E45-F5F9AD6276EE}.Debug|iPhone.ActiveCfg = Debug|iPhone
		{DF5CDE67-17ED-4A02-9E45-F5F9AD6276EE}.Debug|iPhone.Build.0 = Debug|iPhone
		{DF5CDE67-17ED-4A02-9E45-F5F9AD6276EE}.Release|iPhone.ActiveCfg = Release|iPhone
		{DF5CDE67-17ED-4A02-9E45-F5F9AD6276EE}.Release|iPhone.Build.0 = Release|iPhone
		{EF811275-D86C-49C0-AE40-649476DDEC53}.Debug|Any CPU.ActiveCfg = Debug|Any CPU
		{EF811275-D86C-49C0-AE40-649476DDEC53}.Debug|Any CPU.Build.0 = Debug|Any CPU
		{EF811275-D86C-49C0-AE40-649476DDEC53}.Release|Any CPU.ActiveCfg = Release|Any CPU
		{EF811275-D86C-49C0-AE40-649476DDEC53}.Release|Any CPU.Build.0 = Release|Any CPU
		{EF811275-D86C-49C0-AE40-649476DDEC53}.Debug|iPhoneSimulator.ActiveCfg = Debug|Any CPU
		{EF811275-D86C-49C0-AE40-649476DDEC53}.Debug|iPhoneSimulator.Build.0 = Debug|Any CPU
		{EF811275-D86C-49C0-AE40-649476DDEC53}.Release|iPhoneSimulator.ActiveCfg = Release|Any CPU
		{EF811275-D86C-49C0-AE40-649476DDEC53}.Release|iPhoneSimulator.Build.0 = Release|Any CPU
		{EF811275-D86C-49C0-AE40-649476DDEC53}.Debug|iPhone.ActiveCfg = Debug|Any CPU
		{EF811275-D86C-49C0-AE40-649476DDEC53}.Debug|iPhone.Build.0 = Debug|Any CPU
		{EF811275-D86C-49C0-AE40-649476DDEC53}.Release|iPhone.ActiveCfg = Release|Any CPU
		{EF811275-D86C-49C0-AE40-649476DDEC53}.Release|iPhone.Build.0 = Release|Any CPU
	EndGlobalSection
EndGlobal
